
Microsoft Visual Studio Solution File, Format Version 12.00
# Visual Studio Version 17
VisualStudioVersion = 17.8.34525.116
MinimumVisualStudioVersion = 10.0.40219.1
Project("{FAE04EC0-301F-11D3-BF4B-00C04F79EFBC}") = "EasyReg", "EasyReg\EasyReg.csproj", "{D540D840-66FE-4DFE-86A5-3C0EB3479D2E}"
EndProject
Global
	GlobalSection(SolutionConfigurationPlatforms) = preSolution
		Debug|Any CPU = Debug|Any CPU
		Release|Any CPU = Release|Any CPU
	EndGlobalSection
	GlobalSection(ProjectConfigurationPlatforms) = postSolution
		{D540D840-66FE-4DFE-86A5-3C0EB3479D2E}.Debug|Any CPU.ActiveCfg = Debug|Any CPU
		{D540D840-66FE-4DFE-86A5-3C0EB3479D2E}.Debug|Any CPU.Build.0 = Debug|Any CPU
		{D540D840-66FE-4DFE-86A5-3C0EB3479D2E}.Release|Any CPU.ActiveCfg = Release|Any CPU
		{D540D840-66FE-4DFE-86A5-3C0EB3479D2E}.Release|Any CPU.Build.0 = Release|Any CPU
	EndGlobalSection
	GlobalSection(SolutionProperties) = preSolution
		HideSolutionNode = FALSE
	EndGlobalSection
	GlobalSection(ExtensibilityGlobals) = postSolution
		SolutionGuid = {96BC7605-B68C-4953-AA6C-9D43F64E77E9}
	EndGlobalSection
EndGlobal
